// !$*UTF8*$!
{
	archiveVersion = 1;
	classes = {
	};
	objectVersion = 50;
	objects = {

/* Begin PBXBuildFile section */
		39560AEA78172287F393228B /* Pods_WeinbergAppUITests.framework in Frameworks */ = {isa = PBXBuildFile; fileRef = 78DE4BF54729DF01B7554F41 /* Pods_WeinbergAppUITests.framework */; };
		460E0EEC20E4F7B8007962EC /* ScannerViewController.swift in Sources */ = {isa = PBXBuildFile; fileRef = 460E0EEB20E4F7B8007962EC /* ScannerViewController.swift */; };
		462BB81E2108A0970017678A /* AddElectricalEquipmentViewController.swift in Sources */ = {isa = PBXBuildFile; fileRef = 462BB81D2108A0970017678A /* AddElectricalEquipmentViewController.swift */; };
		462BB8202108A1020017678A /* AddMaterialFlowsORThermalViewController.swift in Sources */ = {isa = PBXBuildFile; fileRef = 462BB81F2108A1020017678A /* AddMaterialFlowsORThermalViewController.swift */; };
		464BF45020F63185006700EF /* CustomPin.swift in Sources */ = {isa = PBXBuildFile; fileRef = 464BF44F20F63185006700EF /* CustomPin.swift */; };
		4662C90520F4A4190049F73A /* Area.swift in Sources */ = {isa = PBXBuildFile; fileRef = 4662C90420F4A4190049F73A /* Area.swift */; };
		4685F86E20F3716F0007BBEF /* UIInputChecker.swift in Sources */ = {isa = PBXBuildFile; fileRef = 4685F86D20F3716F0007BBEF /* UIInputChecker.swift */; };
		4685F87020F3F6EE0007BBEF /* ViewFader.swift in Sources */ = {isa = PBXBuildFile; fileRef = 4685F86F20F3F6EE0007BBEF /* ViewFader.swift */; };
		4694C97820D5261D005C5F97 /* AppDelegate.swift in Sources */ = {isa = PBXBuildFile; fileRef = 4694C97720D5261D005C5F97 /* AppDelegate.swift */; };
		4694C97D20D5261D005C5F97 /* Main.storyboard in Resources */ = {isa = PBXBuildFile; fileRef = 4694C97B20D5261D005C5F97 /* Main.storyboard */; };
		4694C97F20D5261E005C5F97 /* Assets.xcassets in Resources */ = {isa = PBXBuildFile; fileRef = 4694C97E20D5261E005C5F97 /* Assets.xcassets */; };
		4694C98220D5261E005C5F97 /* LaunchScreen.storyboard in Resources */ = {isa = PBXBuildFile; fileRef = 4694C98020D5261E005C5F97 /* LaunchScreen.storyboard */; };
		4694C98D20D5261E005C5F97 /* WeinbergAppTests.swift in Sources */ = {isa = PBXBuildFile; fileRef = 4694C98C20D5261E005C5F97 /* WeinbergAppTests.swift */; };
		4694C99820D5261E005C5F97 /* WeinbergAppUITests.swift in Sources */ = {isa = PBXBuildFile; fileRef = 4694C99720D5261E005C5F97 /* WeinbergAppUITests.swift */; };
		4694C9A620D52641005C5F97 /* LoginViewController.swift in Sources */ = {isa = PBXBuildFile; fileRef = 4694C9A520D52641005C5F97 /* LoginViewController.swift */; };
		46A0D72A20D6F55900B0BEDA /* MapViewController.swift in Sources */ = {isa = PBXBuildFile; fileRef = 46A0D72920D6F55900B0BEDA /* MapViewController.swift */; };
		46A0D72C20D6F59600B0BEDA /* CaptureViewController.swift in Sources */ = {isa = PBXBuildFile; fileRef = 46A0D72B20D6F59600B0BEDA /* CaptureViewController.swift */; };
		46A0D73220D6FF5600B0BEDA /* AddCaptureViewController.swift in Sources */ = {isa = PBXBuildFile; fileRef = 46A0D73120D6FF5600B0BEDA /* AddCaptureViewController.swift */; };
		46A0D73420D7D65A00B0BEDA /* Entry.swift in Sources */ = {isa = PBXBuildFile; fileRef = 46A0D73320D7D65A00B0BEDA /* Entry.swift */; };
		46A0D73620D7EC6B00B0BEDA /* AddEntryViewController.swift in Sources */ = {isa = PBXBuildFile; fileRef = 46A0D73520D7EC6B00B0BEDA /* AddEntryViewController.swift */; };
		46E50EED20D545FE00F93167 /* ShakeAnimationHelper.swift in Sources */ = {isa = PBXBuildFile; fileRef = 46E50EEC20D545FE00F93167 /* ShakeAnimationHelper.swift */; };
		85168A1A20EBA99F00CB2AB5 /* RealmHelper.swift in Sources */ = {isa = PBXBuildFile; fileRef = 85168A1920EBA99F00CB2AB5 /* RealmHelper.swift */; };
		85554A702111B7D600C8ADEE /* ScannerViewControllerTests.swift in Sources */ = {isa = PBXBuildFile; fileRef = 85554A6F2111B7D600C8ADEE /* ScannerViewControllerTests.swift */; };
		85554A722111B81100C8ADEE /* MockScannerViewController.swift in Sources */ = {isa = PBXBuildFile; fileRef = 85554A712111B81100C8ADEE /* MockScannerViewController.swift */; };
		85AA53F92111D079007A49AC /* AddCaptureViewControllerTests.swift in Sources */ = {isa = PBXBuildFile; fileRef = 85AA53F82111D079007A49AC /* AddCaptureViewControllerTests.swift */; };
		85AA53FD2111D11F007A49AC /* MockAddCaptureViewController.swift in Sources */ = {isa = PBXBuildFile; fileRef = 85AA53FC2111D11F007A49AC /* MockAddCaptureViewController.swift */; };
		85AA53FF2111D27D007A49AC /* CaptureViewControllerTests.swift in Sources */ = {isa = PBXBuildFile; fileRef = 85AA53FE2111D27D007A49AC /* CaptureViewControllerTests.swift */; };
		85AC848720E3ADA40080505A /* DuengungAddEntryViewController.swift in Sources */ = {isa = PBXBuildFile; fileRef = 85AC848620E3ADA40080505A /* DuengungAddEntryViewController.swift */; };
		85AC848920E3B7DE0080505A /* PflanzenschutzAddEntryViewController.swift in Sources */ = {isa = PBXBuildFile; fileRef = 85AC848820E3B7DE0080505A /* PflanzenschutzAddEntryViewController.swift */; };
		85CCB7C92110824F00469922 /* RealmHelperTests.swift in Sources */ = {isa = PBXBuildFile; fileRef = 85CCB7C82110824F00469922 /* RealmHelperTests.swift */; };
		8C7C9055FA951290DE9C4BC7 /* Pods_WeinbergAppTests.framework in Frameworks */ = {isa = PBXBuildFile; fileRef = 828CD16D962216C8070E3347 /* Pods_WeinbergAppTests.framework */; };
		BA48E1C4ABA8A812220D6FEF /* Pods_WeinbergApp.framework in Frameworks */ = {isa = PBXBuildFile; fileRef = 0B100E2D25F626F8A1834B33 /* Pods_WeinbergApp.framework */; };
/* End PBXBuildFile section */

/* Begin PBXContainerItemProxy section */
		4694C98920D5261E005C5F97 /* PBXContainerItemProxy */ = {
			isa = PBXContainerItemProxy;
			containerPortal = 4694C96C20D5261D005C5F97 /* Project object */;
			proxyType = 1;
			remoteGlobalIDString = 4694C97320D5261D005C5F97;
			remoteInfo = WeinbergApp;
		};
		4694C99420D5261E005C5F97 /* PBXContainerItemProxy */ = {
			isa = PBXContainerItemProxy;
			containerPortal = 4694C96C20D5261D005C5F97 /* Project object */;
			proxyType = 1;
			remoteGlobalIDString = 4694C97320D5261D005C5F97;
			remoteInfo = WeinbergApp;
		};
/* End PBXContainerItemProxy section */

/* Begin PBXCopyFilesBuildPhase section */
		46842A1220F2551D00510AD6 /* Embed Frameworks */ = {
			isa = PBXCopyFilesBuildPhase;
			buildActionMask = 2147483647;
			dstPath = "";
			dstSubfolderSpec = 10;
			files = (
			);
			name = "Embed Frameworks";
			runOnlyForDeploymentPostprocessing = 0;
		};
/* End PBXCopyFilesBuildPhase section */

/* Begin PBXFileReference section */
		0B100E2D25F626F8A1834B33 /* Pods_WeinbergApp.framework */ = {isa = PBXFileReference; explicitFileType = wrapper.framework; includeInIndex = 0; path = Pods_WeinbergApp.framework; sourceTree = BUILT_PRODUCTS_DIR; };
		13EC386D60B9B77DAE212E98 /* Pods-WeinbergApp.debug.xcconfig */ = {isa = PBXFileReference; includeInIndex = 1; lastKnownFileType = text.xcconfig; name = "Pods-WeinbergApp.debug.xcconfig"; path = "Pods/Target Support Files/Pods-WeinbergApp/Pods-WeinbergApp.debug.xcconfig"; sourceTree = "<group>"; };
		22F85F1D752867D440BB9F93 /* Pods-WeinbergAppTests.debug.xcconfig */ = {isa = PBXFileReference; includeInIndex = 1; lastKnownFileType = text.xcconfig; name = "Pods-WeinbergAppTests.debug.xcconfig"; path = "Pods/Target Support Files/Pods-WeinbergAppTests/Pods-WeinbergAppTests.debug.xcconfig"; sourceTree = "<group>"; };
		268A4CEB2612CA762BAF512D /* Pods-WeinbergApp.release.xcconfig */ = {isa = PBXFileReference; includeInIndex = 1; lastKnownFileType = text.xcconfig; name = "Pods-WeinbergApp.release.xcconfig"; path = "Pods/Target Support Files/Pods-WeinbergApp/Pods-WeinbergApp.release.xcconfig"; sourceTree = "<group>"; };
		460E0EEB20E4F7B8007962EC /* ScannerViewController.swift */ = {isa = PBXFileReference; lastKnownFileType = sourcecode.swift; path = ScannerViewController.swift; sourceTree = "<group>"; };
		462BB81D2108A0970017678A /* AddElectricalEquipmentViewController.swift */ = {isa = PBXFileReference; lastKnownFileType = sourcecode.swift; path = AddElectricalEquipmentViewController.swift; sourceTree = "<group>"; };
		462BB81F2108A1020017678A /* AddMaterialFlowsORThermalViewController.swift */ = {isa = PBXFileReference; lastKnownFileType = sourcecode.swift; path = AddMaterialFlowsORThermalViewController.swift; sourceTree = "<group>"; };
		464BF44F20F63185006700EF /* CustomPin.swift */ = {isa = PBXFileReference; lastKnownFileType = sourcecode.swift; path = CustomPin.swift; sourceTree = "<group>"; };
		4662C90420F4A4190049F73A /* Area.swift */ = {isa = PBXFileReference; lastKnownFileType = sourcecode.swift; path = Area.swift; sourceTree = "<group>"; };
		46842A0520F254DC00510AD6 /* Realm.framework */ = {isa = PBXFileReference; lastKnownFileType = wrapper.framework; path = Realm.framework; sourceTree = "<group>"; };
		46842A0620F254DC00510AD6 /* RealmSwift.framework */ = {isa = PBXFileReference; lastKnownFileType = wrapper.framework; path = RealmSwift.framework; sourceTree = "<group>"; };
		4685F86D20F3716F0007BBEF /* UIInputChecker.swift */ = {isa = PBXFileReference; lastKnownFileType = sourcecode.swift; path = UIInputChecker.swift; sourceTree = "<group>"; };
		4685F86F20F3F6EE0007BBEF /* ViewFader.swift */ = {isa = PBXFileReference; lastKnownFileType = sourcecode.swift; path = ViewFader.swift; sourceTree = "<group>"; };
		4694C97420D5261D005C5F97 /* WeinbergApp.app */ = {isa = PBXFileReference; explicitFileType = wrapper.application; includeInIndex = 0; path = WeinbergApp.app; sourceTree = BUILT_PRODUCTS_DIR; };
		4694C97720D5261D005C5F97 /* AppDelegate.swift */ = {isa = PBXFileReference; lastKnownFileType = sourcecode.swift; path = AppDelegate.swift; sourceTree = "<group>"; };
		4694C97C20D5261D005C5F97 /* Base */ = {isa = PBXFileReference; lastKnownFileType = file.storyboard; name = Base; path = Base.lproj/Main.storyboard; sourceTree = "<group>"; };
		4694C97E20D5261E005C5F97 /* Assets.xcassets */ = {isa = PBXFileReference; lastKnownFileType = folder.assetcatalog; path = Assets.xcassets; sourceTree = "<group>"; };
		4694C98120D5261E005C5F97 /* Base */ = {isa = PBXFileReference; lastKnownFileType = file.storyboard; name = Base; path = Base.lproj/LaunchScreen.storyboard; sourceTree = "<group>"; };
		4694C98320D5261E005C5F97 /* Info.plist */ = {isa = PBXFileReference; lastKnownFileType = text.plist.xml; path = Info.plist; sourceTree = "<group>"; };
		4694C98820D5261E005C5F97 /* WeinbergAppTests.xctest */ = {isa = PBXFileReference; explicitFileType = wrapper.cfbundle; includeInIndex = 0; path = WeinbergAppTests.xctest; sourceTree = BUILT_PRODUCTS_DIR; };
		4694C98C20D5261E005C5F97 /* WeinbergAppTests.swift */ = {isa = PBXFileReference; lastKnownFileType = sourcecode.swift; path = WeinbergAppTests.swift; sourceTree = "<group>"; };
		4694C98E20D5261E005C5F97 /* Info.plist */ = {isa = PBXFileReference; lastKnownFileType = text.plist.xml; path = Info.plist; sourceTree = "<group>"; };
		4694C99320D5261E005C5F97 /* WeinbergAppUITests.xctest */ = {isa = PBXFileReference; explicitFileType = wrapper.cfbundle; includeInIndex = 0; path = WeinbergAppUITests.xctest; sourceTree = BUILT_PRODUCTS_DIR; };
		4694C99720D5261E005C5F97 /* WeinbergAppUITests.swift */ = {isa = PBXFileReference; lastKnownFileType = sourcecode.swift; path = WeinbergAppUITests.swift; sourceTree = "<group>"; };
		4694C99920D5261E005C5F97 /* Info.plist */ = {isa = PBXFileReference; lastKnownFileType = text.plist.xml; path = Info.plist; sourceTree = "<group>"; };
		4694C9A520D52641005C5F97 /* LoginViewController.swift */ = {isa = PBXFileReference; lastKnownFileType = sourcecode.swift; path = LoginViewController.swift; sourceTree = "<group>"; };
		46A0D72920D6F55900B0BEDA /* MapViewController.swift */ = {isa = PBXFileReference; lastKnownFileType = sourcecode.swift; path = MapViewController.swift; sourceTree = "<group>"; };
		46A0D72B20D6F59600B0BEDA /* CaptureViewController.swift */ = {isa = PBXFileReference; lastKnownFileType = sourcecode.swift; path = CaptureViewController.swift; sourceTree = "<group>"; };
		46A0D73120D6FF5600B0BEDA /* AddCaptureViewController.swift */ = {isa = PBXFileReference; lastKnownFileType = sourcecode.swift; path = AddCaptureViewController.swift; sourceTree = "<group>"; };
		46A0D73320D7D65A00B0BEDA /* Entry.swift */ = {isa = PBXFileReference; lastKnownFileType = sourcecode.swift; path = Entry.swift; sourceTree = "<group>"; };
		46A0D73520D7EC6B00B0BEDA /* AddEntryViewController.swift */ = {isa = PBXFileReference; lastKnownFileType = sourcecode.swift; path = AddEntryViewController.swift; sourceTree = "<group>"; };
		46E50EEC20D545FE00F93167 /* ShakeAnimationHelper.swift */ = {isa = PBXFileReference; lastKnownFileType = sourcecode.swift; path = ShakeAnimationHelper.swift; sourceTree = "<group>"; };
		6A76EDDF866D79142C8FACC3 /* Pods-WeinbergAppTests.release.xcconfig */ = {isa = PBXFileReference; includeInIndex = 1; lastKnownFileType = text.xcconfig; name = "Pods-WeinbergAppTests.release.xcconfig"; path = "Pods/Target Support Files/Pods-WeinbergAppTests/Pods-WeinbergAppTests.release.xcconfig"; sourceTree = "<group>"; };
		78DE4BF54729DF01B7554F41 /* Pods_WeinbergAppUITests.framework */ = {isa = PBXFileReference; explicitFileType = wrapper.framework; includeInIndex = 0; path = Pods_WeinbergAppUITests.framework; sourceTree = BUILT_PRODUCTS_DIR; };
		828CD16D962216C8070E3347 /* Pods_WeinbergAppTests.framework */ = {isa = PBXFileReference; explicitFileType = wrapper.framework; includeInIndex = 0; path = Pods_WeinbergAppTests.framework; sourceTree = BUILT_PRODUCTS_DIR; };
		85168A1920EBA99F00CB2AB5 /* RealmHelper.swift */ = {isa = PBXFileReference; lastKnownFileType = sourcecode.swift; path = RealmHelper.swift; sourceTree = "<group>"; };
		85554A6F2111B7D600C8ADEE /* ScannerViewControllerTests.swift */ = {isa = PBXFileReference; lastKnownFileType = sourcecode.swift; path = ScannerViewControllerTests.swift; sourceTree = "<group>"; };
		85554A712111B81100C8ADEE /* MockScannerViewController.swift */ = {isa = PBXFileReference; lastKnownFileType = sourcecode.swift; path = MockScannerViewController.swift; sourceTree = "<group>"; };
		85AA53F82111D079007A49AC /* AddCaptureViewControllerTests.swift */ = {isa = PBXFileReference; lastKnownFileType = sourcecode.swift; path = AddCaptureViewControllerTests.swift; sourceTree = "<group>"; };
		85AA53FC2111D11F007A49AC /* MockAddCaptureViewController.swift */ = {isa = PBXFileReference; lastKnownFileType = sourcecode.swift; path = MockAddCaptureViewController.swift; sourceTree = "<group>"; };
		85AA53FE2111D27D007A49AC /* CaptureViewControllerTests.swift */ = {isa = PBXFileReference; lastKnownFileType = sourcecode.swift; path = CaptureViewControllerTests.swift; sourceTree = "<group>"; };
		85AC848620E3ADA40080505A /* DuengungAddEntryViewController.swift */ = {isa = PBXFileReference; lastKnownFileType = sourcecode.swift; path = DuengungAddEntryViewController.swift; sourceTree = "<group>"; };
		85AC848820E3B7DE0080505A /* PflanzenschutzAddEntryViewController.swift */ = {isa = PBXFileReference; lastKnownFileType = sourcecode.swift; path = PflanzenschutzAddEntryViewController.swift; sourceTree = "<group>"; };
		85CCB7C82110824F00469922 /* RealmHelperTests.swift */ = {isa = PBXFileReference; lastKnownFileType = sourcecode.swift; path = RealmHelperTests.swift; sourceTree = "<group>"; };
		8DF04B9B348772324FB4A4E6 /* Pods-WeinbergAppUITests.debug.xcconfig */ = {isa = PBXFileReference; includeInIndex = 1; lastKnownFileType = text.xcconfig; name = "Pods-WeinbergAppUITests.debug.xcconfig"; path = "Pods/Target Support Files/Pods-WeinbergAppUITests/Pods-WeinbergAppUITests.debug.xcconfig"; sourceTree = "<group>"; };
		9DC8632A0C28BABF514E96EC /* Pods-WeinbergAppUITests.release.xcconfig */ = {isa = PBXFileReference; includeInIndex = 1; lastKnownFileType = text.xcconfig; name = "Pods-WeinbergAppUITests.release.xcconfig"; path = "Pods/Target Support Files/Pods-WeinbergAppUITests/Pods-WeinbergAppUITests.release.xcconfig"; sourceTree = "<group>"; };
/* End PBXFileReference section */

/* Begin PBXFrameworksBuildPhase section */
		4694C97120D5261D005C5F97 /* Frameworks */ = {
			isa = PBXFrameworksBuildPhase;
			buildActionMask = 2147483647;
			files = (
				BA48E1C4ABA8A812220D6FEF /* Pods_WeinbergApp.framework in Frameworks */,
			);
			runOnlyForDeploymentPostprocessing = 0;
		};
		4694C98520D5261E005C5F97 /* Frameworks */ = {
			isa = PBXFrameworksBuildPhase;
			buildActionMask = 2147483647;
			files = (
				8C7C9055FA951290DE9C4BC7 /* Pods_WeinbergAppTests.framework in Frameworks */,
			);
			runOnlyForDeploymentPostprocessing = 0;
		};
		4694C99020D5261E005C5F97 /* Frameworks */ = {
			isa = PBXFrameworksBuildPhase;
			buildActionMask = 2147483647;
			files = (
				39560AEA78172287F393228B /* Pods_WeinbergAppUITests.framework in Frameworks */,
			);
			runOnlyForDeploymentPostprocessing = 0;
		};
/* End PBXFrameworksBuildPhase section */

/* Begin PBXGroup section */
		4694C96B20D5261D005C5F97 = {
			isa = PBXGroup;
			children = (
				46842A0520F254DC00510AD6 /* Realm.framework */,
				46842A0620F254DC00510AD6 /* RealmSwift.framework */,
				4694C97620D5261D005C5F97 /* WeinbergApp */,
				4694C98B20D5261E005C5F97 /* WeinbergAppTests */,
				4694C99620D5261E005C5F97 /* WeinbergAppUITests */,
				4694C97520D5261D005C5F97 /* Products */,
				E247522370E12A786DCFC7F8 /* Pods */,
				A978EA52CEE2B90609A3EAF6 /* Frameworks */,
			);
			sourceTree = "<group>";
		};
		4694C97520D5261D005C5F97 /* Products */ = {
			isa = PBXGroup;
			children = (
				4694C97420D5261D005C5F97 /* WeinbergApp.app */,
				4694C98820D5261E005C5F97 /* WeinbergAppTests.xctest */,
				4694C99320D5261E005C5F97 /* WeinbergAppUITests.xctest */,
			);
			name = Products;
			sourceTree = "<group>";
		};
		4694C97620D5261D005C5F97 /* WeinbergApp */ = {
			isa = PBXGroup;
			children = (
				4694C9A520D52641005C5F97 /* LoginViewController.swift */,
				46A0D72920D6F55900B0BEDA /* MapViewController.swift */,
				46A0D72B20D6F59600B0BEDA /* CaptureViewController.swift */,
				46A0D73120D6FF5600B0BEDA /* AddCaptureViewController.swift */,
				46A0D73520D7EC6B00B0BEDA /* AddEntryViewController.swift */,
				85AC848620E3ADA40080505A /* DuengungAddEntryViewController.swift */,
				85AC848820E3B7DE0080505A /* PflanzenschutzAddEntryViewController.swift */,
				462BB81D2108A0970017678A /* AddElectricalEquipmentViewController.swift */,
				462BB81F2108A1020017678A /* AddMaterialFlowsORThermalViewController.swift */,
				4694C97B20D5261D005C5F97 /* Main.storyboard */,
				4694C97720D5261D005C5F97 /* AppDelegate.swift */,
				4694C97E20D5261E005C5F97 /* Assets.xcassets */,
				4694C98020D5261E005C5F97 /* LaunchScreen.storyboard */,
				4694C98320D5261E005C5F97 /* Info.plist */,
				46E50EEC20D545FE00F93167 /* ShakeAnimationHelper.swift */,
				46A0D73320D7D65A00B0BEDA /* Entry.swift */,
				460E0EEB20E4F7B8007962EC /* ScannerViewController.swift */,
				85168A1920EBA99F00CB2AB5 /* RealmHelper.swift */,
				4685F86D20F3716F0007BBEF /* UIInputChecker.swift */,
				4685F86F20F3F6EE0007BBEF /* ViewFader.swift */,
				4662C90420F4A4190049F73A /* Area.swift */,
				464BF44F20F63185006700EF /* CustomPin.swift */,
			);
			path = WeinbergApp;
			sourceTree = "<group>";
		};
		4694C98B20D5261E005C5F97 /* WeinbergAppTests */ = {
			isa = PBXGroup;
			children = (
				4694C98C20D5261E005C5F97 /* WeinbergAppTests.swift */,
				4694C98E20D5261E005C5F97 /* Info.plist */,
				85CCB7C82110824F00469922 /* RealmHelperTests.swift */,
				85554A6F2111B7D600C8ADEE /* ScannerViewControllerTests.swift */,
				85554A712111B81100C8ADEE /* MockScannerViewController.swift */,
				85AA53F82111D079007A49AC /* AddCaptureViewControllerTests.swift */,
				85AA53FC2111D11F007A49AC /* MockAddCaptureViewController.swift */,
				85AA53FE2111D27D007A49AC /* CaptureViewControllerTests.swift */,
			);
			path = WeinbergAppTests;
			sourceTree = "<group>";
		};
		4694C99620D5261E005C5F97 /* WeinbergAppUITests */ = {
			isa = PBXGroup;
			children = (
				4694C99720D5261E005C5F97 /* WeinbergAppUITests.swift */,
				4694C99920D5261E005C5F97 /* Info.plist */,
			);
			path = WeinbergAppUITests;
			sourceTree = "<group>";
		};
		A978EA52CEE2B90609A3EAF6 /* Frameworks */ = {
			isa = PBXGroup;
			children = (
				0B100E2D25F626F8A1834B33 /* Pods_WeinbergApp.framework */,
				828CD16D962216C8070E3347 /* Pods_WeinbergAppTests.framework */,
				78DE4BF54729DF01B7554F41 /* Pods_WeinbergAppUITests.framework */,
			);
			name = Frameworks;
			sourceTree = "<group>";
		};
		E247522370E12A786DCFC7F8 /* Pods */ = {
			isa = PBXGroup;
			children = (
				13EC386D60B9B77DAE212E98 /* Pods-WeinbergApp.debug.xcconfig */,
				268A4CEB2612CA762BAF512D /* Pods-WeinbergApp.release.xcconfig */,
				22F85F1D752867D440BB9F93 /* Pods-WeinbergAppTests.debug.xcconfig */,
				6A76EDDF866D79142C8FACC3 /* Pods-WeinbergAppTests.release.xcconfig */,
				8DF04B9B348772324FB4A4E6 /* Pods-WeinbergAppUITests.debug.xcconfig */,
				9DC8632A0C28BABF514E96EC /* Pods-WeinbergAppUITests.release.xcconfig */,
			);
			name = Pods;
			sourceTree = "<group>";
		};
/* End PBXGroup section */

/* Begin PBXNativeTarget section */
		4694C97320D5261D005C5F97 /* WeinbergApp */ = {
			isa = PBXNativeTarget;
			buildConfigurationList = 4694C99C20D5261E005C5F97 /* Build configuration list for PBXNativeTarget "WeinbergApp" */;
			buildPhases = (
				95513BB8CA31DEEDC94F4E78 /* [CP] Check Pods Manifest.lock */,
				4694C97020D5261D005C5F97 /* Sources */,
				4694C97120D5261D005C5F97 /* Frameworks */,
				4694C97220D5261D005C5F97 /* Resources */,
				0C213F21E7D336BE3F89E957 /* [CP] Embed Pods Frameworks */,
				46842A1220F2551D00510AD6 /* Embed Frameworks */,
				464BF45120F77750006700EF /* ShellScript */,
			);
			buildRules = (
			);
			dependencies = (
			);
			name = WeinbergApp;
			productName = WeinbergApp;
			productReference = 4694C97420D5261D005C5F97 /* WeinbergApp.app */;
			productType = "com.apple.product-type.application";
		};
		4694C98720D5261E005C5F97 /* WeinbergAppTests */ = {
			isa = PBXNativeTarget;
			buildConfigurationList = 4694C99F20D5261E005C5F97 /* Build configuration list for PBXNativeTarget "WeinbergAppTests" */;
			buildPhases = (
				900537DFEDFF8D6F2BA70D6F /* [CP] Check Pods Manifest.lock */,
				4694C98420D5261E005C5F97 /* Sources */,
				4694C98520D5261E005C5F97 /* Frameworks */,
				4694C98620D5261E005C5F97 /* Resources */,
				3CA283F8D1C0A966E3775FAC /* [CP] Embed Pods Frameworks */,
			);
			buildRules = (
			);
			dependencies = (
				4694C98A20D5261E005C5F97 /* PBXTargetDependency */,
			);
			name = WeinbergAppTests;
			productName = WeinbergAppTests;
			productReference = 4694C98820D5261E005C5F97 /* WeinbergAppTests.xctest */;
			productType = "com.apple.product-type.bundle.unit-test";
		};
		4694C99220D5261E005C5F97 /* WeinbergAppUITests */ = {
			isa = PBXNativeTarget;
			buildConfigurationList = 4694C9A220D5261E005C5F97 /* Build configuration list for PBXNativeTarget "WeinbergAppUITests" */;
			buildPhases = (
				FBFD581B472DCF2CCD7A7035 /* [CP] Check Pods Manifest.lock */,
				4694C98F20D5261E005C5F97 /* Sources */,
				4694C99020D5261E005C5F97 /* Frameworks */,
				4694C99120D5261E005C5F97 /* Resources */,
				B3F37326D51F863A929A7CA5 /* [CP] Embed Pods Frameworks */,
			);
			buildRules = (
			);
			dependencies = (
				4694C99520D5261E005C5F97 /* PBXTargetDependency */,
			);
			name = WeinbergAppUITests;
			productName = WeinbergAppUITests;
			productReference = 4694C99320D5261E005C5F97 /* WeinbergAppUITests.xctest */;
			productType = "com.apple.product-type.bundle.ui-testing";
		};
/* End PBXNativeTarget section */

/* Begin PBXProject section */
		4694C96C20D5261D005C5F97 /* Project object */ = {
			isa = PBXProject;
			attributes = {
				LastSwiftUpdateCheck = 0930;
				LastUpgradeCheck = 0930;
				ORGANIZATIONNAME = "Christoph Tölkes";
				TargetAttributes = {
					4694C97320D5261D005C5F97 = {
						CreatedOnToolsVersion = 9.3;
					};
					4694C98720D5261E005C5F97 = {
						CreatedOnToolsVersion = 9.3;
						TestTargetID = 4694C97320D5261D005C5F97;
					};
					4694C99220D5261E005C5F97 = {
						CreatedOnToolsVersion = 9.3;
						TestTargetID = 4694C97320D5261D005C5F97;
					};
				};
			};
			buildConfigurationList = 4694C96F20D5261D005C5F97 /* Build configuration list for PBXProject "WeinbergApp" */;
			compatibilityVersion = "Xcode 9.3";
			developmentRegion = en;
			hasScannedForEncodings = 0;
			knownRegions = (
				en,
				Base,
			);
			mainGroup = 4694C96B20D5261D005C5F97;
			productRefGroup = 4694C97520D5261D005C5F97 /* Products */;
			projectDirPath = "";
			projectRoot = "";
			targets = (
				4694C97320D5261D005C5F97 /* WeinbergApp */,
				4694C98720D5261E005C5F97 /* WeinbergAppTests */,
				4694C99220D5261E005C5F97 /* WeinbergAppUITests */,
			);
		};
/* End PBXProject section */

/* Begin PBXResourcesBuildPhase section */
		4694C97220D5261D005C5F97 /* Resources */ = {
			isa = PBXResourcesBuildPhase;
			buildActionMask = 2147483647;
			files = (
				4694C98220D5261E005C5F97 /* LaunchScreen.storyboard in Resources */,
				4694C97F20D5261E005C5F97 /* Assets.xcassets in Resources */,
				4694C97D20D5261D005C5F97 /* Main.storyboard in Resources */,
			);
			runOnlyForDeploymentPostprocessing = 0;
		};
		4694C98620D5261E005C5F97 /* Resources */ = {
			isa = PBXResourcesBuildPhase;
			buildActionMask = 2147483647;
			files = (
			);
			runOnlyForDeploymentPostprocessing = 0;
		};
		4694C99120D5261E005C5F97 /* Resources */ = {
			isa = PBXResourcesBuildPhase;
			buildActionMask = 2147483647;
			files = (
			);
			runOnlyForDeploymentPostprocessing = 0;
		};
/* End PBXResourcesBuildPhase section */

/* Begin PBXShellScriptBuildPhase section */
		0C213F21E7D336BE3F89E957 /* [CP] Embed Pods Frameworks */ = {
			isa = PBXShellScriptBuildPhase;
			buildActionMask = 2147483647;
			files = (
			);
			inputPaths = (
				"${SRCROOT}/Pods/Target Support Files/Pods-WeinbergApp/Pods-WeinbergApp-frameworks.sh",
				"${BUILT_PRODUCTS_DIR}/Realm/Realm.framework",
				"${BUILT_PRODUCTS_DIR}/RealmSwift/RealmSwift.framework",
			);
			name = "[CP] Embed Pods Frameworks";
			outputPaths = (
				"${TARGET_BUILD_DIR}/${FRAMEWORKS_FOLDER_PATH}/Realm.framework",
				"${TARGET_BUILD_DIR}/${FRAMEWORKS_FOLDER_PATH}/RealmSwift.framework",
			);
			runOnlyForDeploymentPostprocessing = 0;
			shellPath = /bin/sh;
			shellScript = "\"${SRCROOT}/Pods/Target Support Files/Pods-WeinbergApp/Pods-WeinbergApp-frameworks.sh\"\n";
			showEnvVarsInLog = 0;
		};
		3CA283F8D1C0A966E3775FAC /* [CP] Embed Pods Frameworks */ = {
			isa = PBXShellScriptBuildPhase;
			buildActionMask = 2147483647;
			files = (
			);
			inputPaths = (
				"${SRCROOT}/Pods/Target Support Files/Pods-WeinbergAppTests/Pods-WeinbergAppTests-frameworks.sh",
				"${BUILT_PRODUCTS_DIR}/Realm/Realm.framework",
				"${BUILT_PRODUCTS_DIR}/RealmSwift/RealmSwift.framework",
			);
			name = "[CP] Embed Pods Frameworks";
			outputPaths = (
				"${TARGET_BUILD_DIR}/${FRAMEWORKS_FOLDER_PATH}/Realm.framework",
				"${TARGET_BUILD_DIR}/${FRAMEWORKS_FOLDER_PATH}/RealmSwift.framework",
			);
			runOnlyForDeploymentPostprocessing = 0;
			shellPath = /bin/sh;
			shellScript = "\"${SRCROOT}/Pods/Target Support Files/Pods-WeinbergAppTests/Pods-WeinbergAppTests-frameworks.sh\"\n";
			showEnvVarsInLog = 0;
		};
		464BF45120F77750006700EF /* ShellScript */ = {
			isa = PBXShellScriptBuildPhase;
			buildActionMask = 2147483647;
			files = (
			);
			inputPaths = (
			);
			outputPaths = (
			);
			runOnlyForDeploymentPostprocessing = 0;
			shellPath = /bin/sh;
			shellScript = "";
		};
		900537DFEDFF8D6F2BA70D6F /* [CP] Check Pods Manifest.lock */ = {
			isa = PBXShellScriptBuildPhase;
			buildActionMask = 2147483647;
			files = (
			);
			inputPaths = (
				"${PODS_PODFILE_DIR_PATH}/Podfile.lock",
				"${PODS_ROOT}/Manifest.lock",
			);
			name = "[CP] Check Pods Manifest.lock";
			outputPaths = (
				"$(DERIVED_FILE_DIR)/Pods-WeinbergAppTests-checkManifestLockResult.txt",
			);
			runOnlyForDeploymentPostprocessing = 0;
			shellPath = /bin/sh;
			shellScript = "diff \"${PODS_PODFILE_DIR_PATH}/Podfile.lock\" \"${PODS_ROOT}/Manifest.lock\" > /dev/null\nif [ $? != 0 ] ; then\n    # print error to STDERR\n    echo \"error: The sandbox is not in sync with the Podfile.lock. Run 'pod install' or update your CocoaPods installation.\" >&2\n    exit 1\nfi\n# This output is used by Xcode 'outputs' to avoid re-running this script phase.\necho \"SUCCESS\" > \"${SCRIPT_OUTPUT_FILE_0}\"\n";
			showEnvVarsInLog = 0;
		};
		95513BB8CA31DEEDC94F4E78 /* [CP] Check Pods Manifest.lock */ = {
			isa = PBXShellScriptBuildPhase;
			buildActionMask = 2147483647;
			files = (
			);
			inputPaths = (
				"${PODS_PODFILE_DIR_PATH}/Podfile.lock",
				"${PODS_ROOT}/Manifest.lock",
			);
			name = "[CP] Check Pods Manifest.lock";
			outputPaths = (
				"$(DERIVED_FILE_DIR)/Pods-WeinbergApp-checkManifestLockResult.txt",
			);
			runOnlyForDeploymentPostprocessing = 0;
			shellPath = /bin/sh;
			shellScript = "diff \"${PODS_PODFILE_DIR_PATH}/Podfile.lock\" \"${PODS_ROOT}/Manifest.lock\" > /dev/null\nif [ $? != 0 ] ; then\n    # print error to STDERR\n    echo \"error: The sandbox is not in sync with the Podfile.lock. Run 'pod install' or update your CocoaPods installation.\" >&2\n    exit 1\nfi\n# This output is used by Xcode 'outputs' to avoid re-running this script phase.\necho \"SUCCESS\" > \"${SCRIPT_OUTPUT_FILE_0}\"\n";
			showEnvVarsInLog = 0;
		};
		B3F37326D51F863A929A7CA5 /* [CP] Embed Pods Frameworks */ = {
			isa = PBXShellScriptBuildPhase;
			buildActionMask = 2147483647;
			files = (
			);
			inputPaths = (
				"${SRCROOT}/Pods/Target Support Files/Pods-WeinbergAppUITests/Pods-WeinbergAppUITests-frameworks.sh",
				"${BUILT_PRODUCTS_DIR}/Realm/Realm.framework",
				"${BUILT_PRODUCTS_DIR}/RealmSwift/RealmSwift.framework",
			);
			name = "[CP] Embed Pods Frameworks";
			outputPaths = (
				"${TARGET_BUILD_DIR}/${FRAMEWORKS_FOLDER_PATH}/Realm.framework",
				"${TARGET_BUILD_DIR}/${FRAMEWORKS_FOLDER_PATH}/RealmSwift.framework",
			);
			runOnlyForDeploymentPostprocessing = 0;
			shellPath = /bin/sh;
			shellScript = "\"${SRCROOT}/Pods/Target Support Files/Pods-WeinbergAppUITests/Pods-WeinbergAppUITests-frameworks.sh\"\n";
			showEnvVarsInLog = 0;
		};
		FBFD581B472DCF2CCD7A7035 /* [CP] Check Pods Manifest.lock */ = {
			isa = PBXShellScriptBuildPhase;
			buildActionMask = 2147483647;
			files = (
			);
			inputPaths = (
				"${PODS_PODFILE_DIR_PATH}/Podfile.lock",
				"${PODS_ROOT}/Manifest.lock",
			);
			name = "[CP] Check Pods Manifest.lock";
			outputPaths = (
				"$(DERIVED_FILE_DIR)/Pods-WeinbergAppUITests-checkManifestLockResult.txt",
			);
			runOnlyForDeploymentPostprocessing = 0;
			shellPath = /bin/sh;
			shellScript = "diff \"${PODS_PODFILE_DIR_PATH}/Podfile.lock\" \"${PODS_ROOT}/Manifest.lock\" > /dev/null\nif [ $? != 0 ] ; then\n    # print error to STDERR\n    echo \"error: The sandbox is not in sync with the Podfile.lock. Run 'pod install' or update your CocoaPods installation.\" >&2\n    exit 1\nfi\n# This output is used by Xcode 'outputs' to avoid re-running this script phase.\necho \"SUCCESS\" > \"${SCRIPT_OUTPUT_FILE_0}\"\n";
			showEnvVarsInLog = 0;
		};
/* End PBXShellScriptBuildPhase section */

/* Begin PBXSourcesBuildPhase section */
		4694C97020D5261D005C5F97 /* Sources */ = {
			isa = PBXSourcesBuildPhase;
			buildActionMask = 2147483647;
			files = (
				4694C9A620D52641005C5F97 /* LoginViewController.swift in Sources */,
				46E50EED20D545FE00F93167 /* ShakeAnimationHelper.swift in Sources */,
				4685F86E20F3716F0007BBEF /* UIInputChecker.swift in Sources */,
				46A0D73620D7EC6B00B0BEDA /* AddEntryViewController.swift in Sources */,
				462BB8202108A1020017678A /* AddMaterialFlowsORThermalViewController.swift in Sources */,
				85AC848720E3ADA40080505A /* DuengungAddEntryViewController.swift in Sources */,
				4685F87020F3F6EE0007BBEF /* ViewFader.swift in Sources */,
				4694C97820D5261D005C5F97 /* AppDelegate.swift in Sources */,
				85AC848920E3B7DE0080505A /* PflanzenschutzAddEntryViewController.swift in Sources */,
				46A0D73220D6FF5600B0BEDA /* AddCaptureViewController.swift in Sources */,
				46A0D73420D7D65A00B0BEDA /* Entry.swift in Sources */,
				4662C90520F4A4190049F73A /* Area.swift in Sources */,
				460E0EEC20E4F7B8007962EC /* ScannerViewController.swift in Sources */,
				464BF45020F63185006700EF /* CustomPin.swift in Sources */,
				46A0D72A20D6F55900B0BEDA /* MapViewController.swift in Sources */,
				462BB81E2108A0970017678A /* AddElectricalEquipmentViewController.swift in Sources */,
				46A0D72C20D6F59600B0BEDA /* CaptureViewController.swift in Sources */,
				85168A1A20EBA99F00CB2AB5 /* RealmHelper.swift in Sources */,
			);
			runOnlyForDeploymentPostprocessing = 0;
		};
		4694C98420D5261E005C5F97 /* Sources */ = {
			isa = PBXSourcesBuildPhase;
			buildActionMask = 2147483647;
			files = (
				85AA53F92111D079007A49AC /* AddCaptureViewControllerTests.swift in Sources */,
				85AA53FF2111D27D007A49AC /* CaptureViewControllerTests.swift in Sources */,
				85AA53FD2111D11F007A49AC /* MockAddCaptureViewController.swift in Sources */,
				4694C98D20D5261E005C5F97 /* WeinbergAppTests.swift in Sources */,
				85554A722111B81100C8ADEE /* MockScannerViewController.swift in Sources */,
				85CCB7C92110824F00469922 /* RealmHelperTests.swift in Sources */,
				85554A702111B7D600C8ADEE /* ScannerViewControllerTests.swift in Sources */,
			);
			runOnlyForDeploymentPostprocessing = 0;
		};
		4694C98F20D5261E005C5F97 /* Sources */ = {
			isa = PBXSourcesBuildPhase;
			buildActionMask = 2147483647;
			files = (
				4694C99820D5261E005C5F97 /* WeinbergAppUITests.swift in Sources */,
			);
			runOnlyForDeploymentPostprocessing = 0;
		};
/* End PBXSourcesBuildPhase section */

/* Begin PBXTargetDependency section */
		4694C98A20D5261E005C5F97 /* PBXTargetDependency */ = {
			isa = PBXTargetDependency;
			target = 4694C97320D5261D005C5F97 /* WeinbergApp */;
			targetProxy = 4694C98920D5261E005C5F97 /* PBXContainerItemProxy */;
		};
		4694C99520D5261E005C5F97 /* PBXTargetDependency */ = {
			isa = PBXTargetDependency;
			target = 4694C97320D5261D005C5F97 /* WeinbergApp */;
			targetProxy = 4694C99420D5261E005C5F97 /* PBXContainerItemProxy */;
		};
/* End PBXTargetDependency section */

/* Begin PBXVariantGroup section */
		4694C97B20D5261D005C5F97 /* Main.storyboard */ = {
			isa = PBXVariantGroup;
			children = (
				4694C97C20D5261D005C5F97 /* Base */,
			);
			name = Main.storyboard;
			sourceTree = "<group>";
		};
		4694C98020D5261E005C5F97 /* LaunchScreen.storyboard */ = {
			isa = PBXVariantGroup;
			children = (
				4694C98120D5261E005C5F97 /* Base */,
			);
			name = LaunchScreen.storyboard;
			sourceTree = "<group>";
		};
/* End PBXVariantGroup section */

/* Begin XCBuildConfiguration section */
		4694C99A20D5261E005C5F97 /* Debug */ = {
			isa = XCBuildConfiguration;
			buildSettings = {
				ALWAYS_SEARCH_USER_PATHS = NO;
				CLANG_ANALYZER_NONNULL = YES;
				CLANG_ANALYZER_NUMBER_OBJECT_CONVERSION = YES_AGGRESSIVE;
				CLANG_CXX_LANGUAGE_STANDARD = "gnu++14";
				CLANG_CXX_LIBRARY = "libc++";
				CLANG_ENABLE_MODULES = YES;
				CLANG_ENABLE_OBJC_ARC = YES;
				CLANG_ENABLE_OBJC_WEAK = YES;
				CLANG_WARN_BLOCK_CAPTURE_AUTORELEASING = YES;
				CLANG_WARN_BOOL_CONVERSION = YES;
				CLANG_WARN_COMMA = YES;
				CLANG_WARN_CONSTANT_CONVERSION = YES;
				CLANG_WARN_DEPRECATED_OBJC_IMPLEMENTATIONS = YES;
				CLANG_WARN_DIRECT_OBJC_ISA_USAGE = YES_ERROR;
				CLANG_WARN_DOCUMENTATION_COMMENTS = YES;
				CLANG_WARN_EMPTY_BODY = YES;
				CLANG_WARN_ENUM_CONVERSION = YES;
				CLANG_WARN_INFINITE_RECURSION = YES;
				CLANG_WARN_INT_CONVERSION = YES;
				CLANG_WARN_NON_LITERAL_NULL_CONVERSION = YES;
				CLANG_WARN_OBJC_IMPLICIT_RETAIN_SELF = YES;
				CLANG_WARN_OBJC_LITERAL_CONVERSION = YES;
				CLANG_WARN_OBJC_ROOT_CLASS = YES_ERROR;
				CLANG_WARN_RANGE_LOOP_ANALYSIS = YES;
				CLANG_WARN_STRICT_PROTOTYPES = YES;
				CLANG_WARN_SUSPICIOUS_MOVE = YES;
				CLANG_WARN_UNGUARDED_AVAILABILITY = YES_AGGRESSIVE;
				CLANG_WARN_UNREACHABLE_CODE = YES;
				CLANG_WARN__DUPLICATE_METHOD_MATCH = YES;
				CODE_SIGN_IDENTITY = "iPhone Developer";
				COPY_PHASE_STRIP = NO;
				DEBUG_INFORMATION_FORMAT = dwarf;
				ENABLE_STRICT_OBJC_MSGSEND = YES;
				ENABLE_TESTABILITY = YES;
				GCC_C_LANGUAGE_STANDARD = gnu11;
				GCC_DYNAMIC_NO_PIC = NO;
				GCC_NO_COMMON_BLOCKS = YES;
				GCC_OPTIMIZATION_LEVEL = 0;
				GCC_PREPROCESSOR_DEFINITIONS = (
					"DEBUG=1",
					"$(inherited)",
				);
				GCC_WARN_64_TO_32_BIT_CONVERSION = YES;
				GCC_WARN_ABOUT_RETURN_TYPE = YES_ERROR;
				GCC_WARN_UNDECLARED_SELECTOR = YES;
				GCC_WARN_UNINITIALIZED_AUTOS = YES_AGGRESSIVE;
				GCC_WARN_UNUSED_FUNCTION = YES;
				GCC_WARN_UNUSED_VARIABLE = YES;
				IPHONEOS_DEPLOYMENT_TARGET = 9.0;
				MTL_ENABLE_DEBUG_INFO = YES;
				ONLY_ACTIVE_ARCH = YES;
				SDKROOT = iphoneos;
				SWIFT_ACTIVE_COMPILATION_CONDITIONS = DEBUG;
				SWIFT_OPTIMIZATION_LEVEL = "-Onone";
			};
			name = Debug;
		};
		4694C99B20D5261E005C5F97 /* Release */ = {
			isa = XCBuildConfiguration;
			buildSettings = {
				ALWAYS_SEARCH_USER_PATHS = NO;
				CLANG_ANALYZER_NONNULL = YES;
				CLANG_ANALYZER_NUMBER_OBJECT_CONVERSION = YES_AGGRESSIVE;
				CLANG_CXX_LANGUAGE_STANDARD = "gnu++14";
				CLANG_CXX_LIBRARY = "libc++";
				CLANG_ENABLE_MODULES = YES;
				CLANG_ENABLE_OBJC_ARC = YES;
				CLANG_ENABLE_OBJC_WEAK = YES;
				CLANG_WARN_BLOCK_CAPTURE_AUTORELEASING = YES;
				CLANG_WARN_BOOL_CONVERSION = YES;
				CLANG_WARN_COMMA = YES;
				CLANG_WARN_CONSTANT_CONVERSION = YES;
				CLANG_WARN_DEPRECATED_OBJC_IMPLEMENTATIONS = YES;
				CLANG_WARN_DIRECT_OBJC_ISA_USAGE = YES_ERROR;
				CLANG_WARN_DOCUMENTATION_COMMENTS = YES;
				CLANG_WARN_EMPTY_BODY = YES;
				CLANG_WARN_ENUM_CONVERSION = YES;
				CLANG_WARN_INFINITE_RECURSION = YES;
				CLANG_WARN_INT_CONVERSION = YES;
				CLANG_WARN_NON_LITERAL_NULL_CONVERSION = YES;
				CLANG_WARN_OBJC_IMPLICIT_RETAIN_SELF = YES;
				CLANG_WARN_OBJC_LITERAL_CONVERSION = YES;
				CLANG_WARN_OBJC_ROOT_CLASS = YES_ERROR;
				CLANG_WARN_RANGE_LOOP_ANALYSIS = YES;
				CLANG_WARN_STRICT_PROTOTYPES = YES;
				CLANG_WARN_SUSPICIOUS_MOVE = YES;
				CLANG_WARN_UNGUARDED_AVAILABILITY = YES_AGGRESSIVE;
				CLANG_WARN_UNREACHABLE_CODE = YES;
				CLANG_WARN__DUPLICATE_METHOD_MATCH = YES;
				CODE_SIGN_IDENTITY = "iPhone Developer";
				COPY_PHASE_STRIP = NO;
				DEBUG_INFORMATION_FORMAT = "dwarf-with-dsym";
				ENABLE_NS_ASSERTIONS = NO;
				ENABLE_STRICT_OBJC_MSGSEND = YES;
				GCC_C_LANGUAGE_STANDARD = gnu11;
				GCC_NO_COMMON_BLOCKS = YES;
				GCC_WARN_64_TO_32_BIT_CONVERSION = YES;
				GCC_WARN_ABOUT_RETURN_TYPE = YES_ERROR;
				GCC_WARN_UNDECLARED_SELECTOR = YES;
				GCC_WARN_UNINITIALIZED_AUTOS = YES_AGGRESSIVE;
				GCC_WARN_UNUSED_FUNCTION = YES;
				GCC_WARN_UNUSED_VARIABLE = YES;
				IPHONEOS_DEPLOYMENT_TARGET = 9.0;
				MTL_ENABLE_DEBUG_INFO = NO;
				SDKROOT = iphoneos;
				SWIFT_COMPILATION_MODE = wholemodule;
				SWIFT_OPTIMIZATION_LEVEL = "-O";
				VALIDATE_PRODUCT = YES;
			};
			name = Release;
		};
		4694C99D20D5261E005C5F97 /* Debug */ = {
			isa = XCBuildConfiguration;
			baseConfigurationReference = 13EC386D60B9B77DAE212E98 /* Pods-WeinbergApp.debug.xcconfig */;
			buildSettings = {
				ASSETCATALOG_COMPILER_APPICON_NAME = AppIcon;
				CODE_SIGN_IDENTITY = "iPhone Developer";
				CODE_SIGN_STYLE = Automatic;
				DEVELOPMENT_TEAM = "";
				FRAMEWORK_SEARCH_PATHS = (
					"$(inherited)",
					"$(PROJECT_DIR)",
				);
				"FRAMEWORK_SEARCH_PATHS[arch=*]" = "$(PROJECT_DIR)";
				INFOPLIST_FILE = WeinbergApp/Info.plist;
				IPHONEOS_DEPLOYMENT_TARGET = 9.0;
				LD_RUNPATH_SEARCH_PATHS = (
					"$(inherited)",
					"@executable_path/Frameworks",
				);
				NEW_SETTING = "";
				PRODUCT_BUNDLE_IDENTIFIER = chistopToelkes.WeinbergApp;
				PRODUCT_NAME = "$(TARGET_NAME)";
				PROVISIONING_PROFILE_SPECIFIER = "";
				SWIFT_VERSION = 4.0;
				TARGETED_DEVICE_FAMILY = "1,2";
			};
			name = Debug;
		};
		4694C99E20D5261E005C5F97 /* Release */ = {
			isa = XCBuildConfiguration;
			baseConfigurationReference = 268A4CEB2612CA762BAF512D /* Pods-WeinbergApp.release.xcconfig */;
			buildSettings = {
				ASSETCATALOG_COMPILER_APPICON_NAME = AppIcon;
				CODE_SIGN_IDENTITY = "iPhone Developer";
				CODE_SIGN_STYLE = Automatic;
				DEVELOPMENT_TEAM = "";
				FRAMEWORK_SEARCH_PATHS = (
					"$(inherited)",
					"$(PROJECT_DIR)",
				);
				"FRAMEWORK_SEARCH_PATHS[arch=*]" = "$(PROJECT_DIR)";
				INFOPLIST_FILE = WeinbergApp/Info.plist;
				IPHONEOS_DEPLOYMENT_TARGET = 9.0;
				LD_RUNPATH_SEARCH_PATHS = (
					"$(inherited)",
					"@executable_path/Frameworks",
				);
				NEW_SETTING = "";
				PRODUCT_BUNDLE_IDENTIFIER = chistopToelkes.WeinbergApp;
				PRODUCT_NAME = "$(TARGET_NAME)";
				PROVISIONING_PROFILE_SPECIFIER = "";
				SWIFT_VERSION = 4.0;
				TARGETED_DEVICE_FAMILY = "1,2";
			};
			name = Release;
		};
		4694C9A020D5261E005C5F97 /* Debug */ = {
			isa = XCBuildConfiguration;
			baseConfigurationReference = 22F85F1D752867D440BB9F93 /* Pods-WeinbergAppTests.debug.xcconfig */;
			buildSettings = {
				ALWAYS_EMBED_SWIFT_STANDARD_LIBRARIES = YES;
				BUNDLE_LOADER = "$(TEST_HOST)";
				CODE_SIGN_STYLE = Automatic;
				INFOPLIST_FILE = WeinbergAppTests/Info.plist;
				LD_RUNPATH_SEARCH_PATHS = (
					"$(inherited)",
					"@executable_path/Frameworks",
					"@loader_path/Frameworks",
				);
				PRODUCT_BUNDLE_IDENTIFIER = chistopToelkes.WeinbergAppTests;
				PRODUCT_NAME = "$(TARGET_NAME)";
				SWIFT_VERSION = 4.0;
				TARGETED_DEVICE_FAMILY = "1,2";
				TEST_HOST = "$(BUILT_PRODUCTS_DIR)/WeinbergApp.app/WeinbergApp";
			};
			name = Debug;
		};
		4694C9A120D5261E005C5F97 /* Release */ = {
			isa = XCBuildConfiguration;
			baseConfigurationReference = 6A76EDDF866D79142C8FACC3 /* Pods-WeinbergAppTests.release.xcconfig */;
			buildSettings = {
				ALWAYS_EMBED_SWIFT_STANDARD_LIBRARIES = YES;
				BUNDLE_LOADER = "$(TEST_HOST)";
				CODE_SIGN_STYLE = Automatic;
				INFOPLIST_FILE = WeinbergAppTests/Info.plist;
				LD_RUNPATH_SEARCH_PATHS = (
					"$(inherited)",
					"@executable_path/Frameworks",
					"@loader_path/Frameworks",
				);
				PRODUCT_BUNDLE_IDENTIFIER = chistopToelkes.WeinbergAppTests;
				PRODUCT_NAME = "$(TARGET_NAME)";
				SWIFT_VERSION = 4.0;
				TARGETED_DEVICE_FAMILY = "1,2";
				TEST_HOST = "$(BUILT_PRODUCTS_DIR)/WeinbergApp.app/WeinbergApp";
			};
			name = Release;
		};
		4694C9A320D5261E005C5F97 /* Debug */ = {
			isa = XCBuildConfiguration;
			baseConfigurationReference = 8DF04B9B348772324FB4A4E6 /* Pods-WeinbergAppUITests.debug.xcconfig */;
			buildSettings = {
				ALWAYS_EMBED_SWIFT_STANDARD_LIBRARIES = YES;
				CODE_SIGN_STYLE = Automatic;
				INFOPLIST_FILE = WeinbergAppUITests/Info.plist;
				LD_RUNPATH_SEARCH_PATHS = "$(inherited)  ";
				PRODUCT_BUNDLE_IDENTIFIER = chistopToelkes.WeinbergAppUITests;
				PRODUCT_NAME = "$(TARGET_NAME)";
				SWIFT_VERSION = 4.0;
				TARGETED_DEVICE_FAMILY = "1,2";
				TEST_TARGET_NAME = WeinbergApp;
			};
			name = Debug;
		};
		4694C9A420D5261E005C5F97 /* Release */ = {
			isa = XCBuildConfiguration;
			baseConfigurationReference = 9DC8632A0C28BABF514E96EC /* Pods-WeinbergAppUITests.release.xcconfig */;
			buildSettings = {
				ALWAYS_EMBED_SWIFT_STANDARD_LIBRARIES = YES;
				CODE_SIGN_STYLE = Automatic;
				INFOPLIST_FILE = WeinbergAppUITests/Info.plist;
				LD_RUNPATH_SEARCH_PATHS = "$(inherited)";
				PRODUCT_BUNDLE_IDENTIFIER = chistopToelkes.WeinbergAppUITests;
				PRODUCT_NAME = "$(TARGET_NAME)";
				SWIFT_VERSION = 4.0;
				TARGETED_DEVICE_FAMILY = "1,2";
				TEST_TARGET_NAME = WeinbergApp;
			};
			name = Release;
		};
/* End XCBuildConfiguration section */

/* Begin XCConfigurationList section */
		4694C96F20D5261D005C5F97 /* Build configuration list for PBXProject "WeinbergApp" */ = {
			isa = XCConfigurationList;
			buildConfigurations = (
				4694C99A20D5261E005C5F97 /* Debug */,
				4694C99B20D5261E005C5F97 /* Release */,
			);
			defaultConfigurationIsVisible = 0;
			defaultConfigurationName = Release;
		};
		4694C99C20D5261E005C5F97 /* Build configuration list for PBXNativeTarget "WeinbergApp" */ = {
			isa = XCConfigurationList;
			buildConfigurations = (
				4694C99D20D5261E005C5F97 /* Debug */,
				4694C99E20D5261E005C5F97 /* Release */,
			);
			defaultConfigurationIsVisible = 0;
			defaultConfigurationName = Release;
		};
		4694C99F20D5261E005C5F97 /* Build configuration list for PBXNativeTarget "WeinbergAppTests" */ = {
			isa = XCConfigurationList;
			buildConfigurations = (
				4694C9A020D5261E005C5F97 /* Debug */,
				4694C9A120D5261E005C5F97 /* Release */,
			);
			defaultConfigurationIsVisible = 0;
			defaultConfigurationName = Release;
		};
		4694C9A220D5261E005C5F97 /* Build configuration list for PBXNativeTarget "WeinbergAppUITests" */ = {
			isa = XCConfigurationList;
			buildConfigurations = (
				4694C9A320D5261E005C5F97 /* Debug */,
				4694C9A420D5261E005C5F97 /* Release */,
			);
			defaultConfigurationIsVisible = 0;
			defaultConfigurationName = Release;
		};
/* End XCConfigurationList section */
	};
	rootObject = 4694C96C20D5261D005C5F97 /* Project object */;
}
